
Microsoft Visual Studio Solution File, Format Version 12.00
# Visual Studio Version 17
VisualStudioVersion = 17.9.34622.214
MinimumVisualStudioVersion = 10.0.40219.1
Project("{FAE04EC0-301F-11D3-BF4B-00C04F79EFBC}") = "Registration", "Registration.csproj", "{7DE673FE-6215-4212-90D6-CC9003EA40B1}"
EndProject
Project("{FAE04EC0-301F-11D3-BF4B-00C04F79EFBC}") = "DAL_Layer", "..\DAL_Layer\DAL_Layer.csproj", "{0F38E250-E287-4AA4-BE0E-405EC990BA39}"
EndProject
Project("{FAE04EC0-301F-11D3-BF4B-00C04F79EFBC}") = "BLL_Layer", "..\BLL_Layer\BLL_Layer.csproj", "{176DD89E-0B5B-4ADA-81F4-9720CEA3C208}"
EndProject
Global
	GlobalSection(SolutionConfigurationPlatforms) = preSolution
		Debug|Any CPU = Debug|Any CPU
		Release|Any CPU = Release|Any CPU
	EndGlobalSection
	GlobalSection(ProjectConfigurationPlatforms) = postSolution
		{7DE673FE-6215-4212-90D6-CC9003EA40B1}.Debug|Any CPU.ActiveCfg = Debug|Any CPU
		{7DE673FE-6215-4212-90D6-CC9003EA40B1}.Debug|Any CPU.Build.0 = Debug|Any CPU
		{7DE673FE-6215-4212-90D6-CC9003EA40B1}.Release|Any CPU.ActiveCfg = Release|Any CPU
		{7DE673FE-6215-4212-90D6-CC9003EA40B1}.Release|Any CPU.Build.0 = Release|Any CPU
		{0F38E250-E287-4AA4-BE0E-405EC990BA39}.Debug|Any CPU.ActiveCfg = Debug|Any CPU
		{0F38E250-E287-4AA4-BE0E-405EC990BA39}.Debug|Any CPU.Build.0 = Debug|Any CPU
		{0F38E250-E287-4AA4-BE0E-405EC990BA39}.Release|Any CPU.ActiveCfg = Release|Any CPU
		{0F38E250-E287-4AA4-BE0E-405EC990BA39}.Release|Any CPU.Build.0 = Release|Any CPU
		{176DD89E-0B5B-4ADA-81F4-9720CEA3C208}.Debug|Any CPU.ActiveCfg = Debug|Any CPU
		{176DD89E-0B5B-4ADA-81F4-9720CEA3C208}.Debug|Any CPU.Build.0 = Debug|Any CPU
		{176DD89E-0B5B-4ADA-81F4-9720CEA3C208}.Release|Any CPU.ActiveCfg = Release|Any CPU
		{176DD89E-0B5B-4ADA-81F4-9720CEA3C208}.Release|Any CPU.Build.0 = Release|Any CPU
	EndGlobalSection
	GlobalSection(SolutionProperties) = preSolution
		HideSolutionNode = FALSE
	EndGlobalSection
	GlobalSection(ExtensibilityGlobals) = postSolution
		SolutionGuid = {16E2797B-448D-482C-A68F-CF25529D1006}
	EndGlobalSection
EndGlobal
